
Microsoft Visual Studio Solution File, Format Version 12.00
# Visual Studio Version 17
VisualStudioVersion = 17.7.34202.233
MinimumVisualStudioVersion = 10.0.40219.1
Project("{2150E333-8FDC-42A3-9474-1A3956D46DE8}") = "Solution Items", "Solution Items", "{20E34CBA-16D7-492E-AB53-43892522DFCA}"
	ProjectSection(SolutionItems) = preProject
		.editorconfig = .editorconfig
		Directory.Build.Props = Directory.Build.Props
	EndProjectSection
EndProject
Project("{9A19103F-16F7-4668-BE54-9A1E7A4F7556}") = "CatalogService.API", "CatalogService.API\CatalogService.API.csproj", "{121E8CC3-10CF-43D6-AC13-E3813A15F57D}"
EndProject
Project("{9A19103F-16F7-4668-BE54-9A1E7A4F7556}") = "CatalogService.Domain", "CatalogService.Domain\CatalogService.Domain.csproj", "{7C0B73C4-2620-4D8D-B23D-0D549A30F1D6}"
EndProject
Project("{9A19103F-16F7-4668-BE54-9A1E7A4F7556}") = "CatalogService.Persistence", "CatalogService.Persistence\CatalogService.Persistence.csproj", "{0315DC62-AE77-4661-87D9-41CEA0E7FDAD}"
EndProject
Project("{9A19103F-16F7-4668-BE54-9A1E7A4F7556}") = "CatalogService.Application", "CatalogService.Application\CatalogService.Application.csproj", "{A17FC1AC-29FA-4301-A08C-9536C945E6A2}"
EndProject
Project("{FAE04EC0-301F-11D3-BF4B-00C04F79EFBC}") = "CatalogService.RabbitMQClient", "CatalogService.RabbitMQClient\CatalogService.RabbitMQClient.csproj", "{C7542BB4-67E1-4AF8-B4AE-14115DF397BA}"
EndProject
Global
	GlobalSection(SolutionConfigurationPlatforms) = preSolution
		Debug|Any CPU = Debug|Any CPU
		Release|Any CPU = Release|Any CPU
	EndGlobalSection
	GlobalSection(ProjectConfigurationPlatforms) = postSolution
		{121E8CC3-10CF-43D6-AC13-E3813A15F57D}.Debug|Any CPU.ActiveCfg = Debug|Any CPU
		{121E8CC3-10CF-43D6-AC13-E3813A15F57D}.Debug|Any CPU.Build.0 = Debug|Any CPU
		{121E8CC3-10CF-43D6-AC13-E3813A15F57D}.Release|Any CPU.ActiveCfg = Release|Any CPU
		{121E8CC3-10CF-43D6-AC13-E3813A15F57D}.Release|Any CPU.Build.0 = Release|Any CPU
		{7C0B73C4-2620-4D8D-B23D-0D549A30F1D6}.Debug|Any CPU.ActiveCfg = Debug|Any CPU
		{7C0B73C4-2620-4D8D-B23D-0D549A30F1D6}.Debug|Any CPU.Build.0 = Debug|Any CPU
		{7C0B73C4-2620-4D8D-B23D-0D549A30F1D6}.Release|Any CPU.ActiveCfg = Release|Any CPU
		{7C0B73C4-2620-4D8D-B23D-0D549A30F1D6}.Release|Any CPU.Build.0 = Release|Any CPU
		{0315DC62-AE77-4661-87D9-41CEA0E7FDAD}.Debug|Any CPU.ActiveCfg = Debug|Any CPU
		{0315DC62-AE77-4661-87D9-41CEA0E7FDAD}.Debug|Any CPU.Build.0 = Debug|Any CPU
		{0315DC62-AE77-4661-87D9-41CEA0E7FDAD}.Release|Any CPU.ActiveCfg = Release|Any CPU
		{0315DC62-AE77-4661-87D9-41CEA0E7FDAD}.Release|Any CPU.Build.0 = Release|Any CPU
		{A17FC1AC-29FA-4301-A08C-9536C945E6A2}.Debug|Any CPU.ActiveCfg = Debug|Any CPU
		{A17FC1AC-29FA-4301-A08C-9536C945E6A2}.Debug|Any CPU.Build.0 = Debug|Any CPU
		{A17FC1AC-29FA-4301-A08C-9536C945E6A2}.Release|Any CPU.ActiveCfg = Release|Any CPU
		{A17FC1AC-29FA-4301-A08C-9536C945E6A2}.Release|Any CPU.Build.0 = Release|Any CPU
		{C7542BB4-67E1-4AF8-B4AE-14115DF397BA}.Debug|Any CPU.ActiveCfg = Debug|Any CPU
		{C7542BB4-67E1-4AF8-B4AE-14115DF397BA}.Debug|Any CPU.Build.0 = Debug|Any CPU
		{C7542BB4-67E1-4AF8-B4AE-14115DF397BA}.Release|Any CPU.ActiveCfg = Release|Any CPU
		{C7542BB4-67E1-4AF8-B4AE-14115DF397BA}.Release|Any CPU.Build.0 = Release|Any CPU
	EndGlobalSection
	GlobalSection(SolutionProperties) = preSolution
		HideSolutionNode = FALSE
	EndGlobalSection
	GlobalSection(ExtensibilityGlobals) = postSolution
		SolutionGuid = {ED6165DF-0C57-4B19-92E9-EDCE557A9A5D}
	EndGlobalSection
EndGlobal
